// !$*UTF8*$!
{
	archiveVersion = 1;
	classes = {
	};
	objectVersion = 50;
	objects = {

/* Begin PBXBuildFile section */
		AB67E2C0219E1EB400E36F2F /* AppDelegate.swift in Sources */ = {isa = PBXBuildFile; fileRef = AB67E2BF219E1EB400E36F2F /* AppDelegate.swift */; };
		AB67E2C2219E1EB400E36F2F /* ViewController.swift in Sources */ = {isa = PBXBuildFile; fileRef = AB67E2C1219E1EB400E36F2F /* ViewController.swift */; };
		AB67E2C5219E1EB400E36F2F /* Main.storyboard in Resources */ = {isa = PBXBuildFile; fileRef = AB67E2C3219E1EB400E36F2F /* Main.storyboard */; };
		AB67E2C7219E1EB400E36F2F /* Assets.xcassets in Resources */ = {isa = PBXBuildFile; fileRef = AB67E2C6219E1EB400E36F2F /* Assets.xcassets */; };
		AB67E2CA219E1EB400E36F2F /* LaunchScreen.storyboard in Resources */ = {isa = PBXBuildFile; fileRef = AB67E2C8219E1EB400E36F2F /* LaunchScreen.storyboard */; };
		AB67E2D5219E1EB400E36F2F /* ElementQuizTests.swift in Sources */ = {isa = PBXBuildFile; fileRef = AB67E2D4219E1EB400E36F2F /* ElementQuizTests.swift */; };
		AB67E2E0219E1EB500E36F2F /* ElementQuizUITests.swift in Sources */ = {isa = PBXBuildFile; fileRef = AB67E2DF219E1EB500E36F2F /* ElementQuizUITests.swift */; };
/* End PBXBuildFile section */

/* Begin PBXContainerItemProxy section */
		AB67E2D1219E1EB400E36F2F /* PBXContainerItemProxy */ = {
			isa = PBXContainerItemProxy;
			containerPortal = AB67E2B4219E1EB400E36F2F /* Project object */;
			proxyType = 1;
			remoteGlobalIDString = AB67E2BB219E1EB400E36F2F;
			remoteInfo = ElementQuiz;
		};
		AB67E2DC219E1EB500E36F2F /* PBXContainerItemProxy */ = {
			isa = PBXContainerItemProxy;
			containerPortal = AB67E2B4219E1EB400E36F2F /* Project object */;
			proxyType = 1;
			remoteGlobalIDString = AB67E2BB219E1EB400E36F2F;
			remoteInfo = ElementQuiz;
		};
/* End PBXContainerItemProxy section */

/* Begin PBXFileReference section */
		AB67E2BC219E1EB400E36F2F /* ElementQuiz.app */ = {isa = PBXFileReference; explicitFileType = wrapper.application; includeInIndex = 0; path = ElementQuiz.app; sourceTree = BUILT_PRODUCTS_DIR; };
		AB67E2BF219E1EB400E36F2F /* AppDelegate.swift */ = {isa = PBXFileReference; lastKnownFileType = sourcecode.swift; path = AppDelegate.swift; sourceTree = "<group>"; };
		AB67E2C1219E1EB400E36F2F /* ViewController.swift */ = {isa = PBXFileReference; lastKnownFileType = sourcecode.swift; path = ViewController.swift; sourceTree = "<group>"; };
		AB67E2C4219E1EB400E36F2F /* Base */ = {isa = PBXFileReference; lastKnownFileType = file.storyboard; name = Base; path = Base.lproj/Main.storyboard; sourceTree = "<group>"; };
		AB67E2C6219E1EB400E36F2F /* Assets.xcassets */ = {isa = PBXFileReference; lastKnownFileType = folder.assetcatalog; path = Assets.xcassets; sourceTree = "<group>"; };
		AB67E2C9219E1EB400E36F2F /* Base */ = {isa = PBXFileReference; lastKnownFileType = file.storyboard; name = Base; path = Base.lproj/LaunchScreen.storyboard; sourceTree = "<group>"; };
		AB67E2CB219E1EB400E36F2F /* Info.plist */ = {isa = PBXFileReference; lastKnownFileType = text.plist.xml; path = Info.plist; sourceTree = "<group>"; };
		AB67E2D0219E1EB400E36F2F /* ElementQuizTests.xctest */ = {isa = PBXFileReference; explicitFileType = wrapper.cfbundle; includeInIndex = 0; path = ElementQuizTests.xctest; sourceTree = BUILT_PRODUCTS_DIR; };
		AB67E2D4219E1EB400E36F2F /* ElementQuizTests.swift */ = {isa = PBXFileReference; lastKnownFileType = sourcecode.swift; path = ElementQuizTests.swift; sourceTree = "<group>"; };
		AB67E2D6219E1EB400E36F2F /* Info.plist */ = {isa = PBXFileReference; lastKnownFileType = text.plist.xml; path = Info.plist; sourceTree = "<group>"; };
		AB67E2DB219E1EB500E36F2F /* ElementQuizUITests.xctest */ = {isa = PBXFileReference; explicitFileType = wrapper.cfbundle; includeInIndex = 0; path = ElementQuizUITests.xctest; sourceTree = BUILT_PRODUCTS_DIR; };
		AB67E2DF219E1EB500E36F2F /* ElementQuizUITests.swift */ = {isa = PBXFileReference; lastKnownFileType = sourcecode.swift; path = ElementQuizUITests.swift; sourceTree = "<group>"; };
		AB67E2E1219E1EB500E36F2F /* Info.plist */ = {isa = PBXFileReference; lastKnownFileType = text.plist.xml; path = Info.plist; sourceTree = "<group>"; };
/* End PBXFileReference section */

/* Begin PBXFrameworksBuildPhase section */
		AB67E2B9219E1EB400E36F2F /* Frameworks */ = {
			isa = PBXFrameworksBuildPhase;
			buildActionMask = 2147483647;
			files = (
			);
			runOnlyForDeploymentPostprocessing = 0;
		};
		AB67E2CD219E1EB400E36F2F /* Frameworks */ = {
			isa = PBXFrameworksBuildPhase;
			buildActionMask = 2147483647;
			files = (
			);
			runOnlyForDeploymentPostprocessing = 0;
		};
		AB67E2D8219E1EB500E36F2F /* Frameworks */ = {
			isa = PBXFrameworksBuildPhase;
			buildActionMask = 2147483647;
			files = (
			);
			runOnlyForDeploymentPostprocessing = 0;
		};
/* End PBXFrameworksBuildPhase section */

/* Begin PBXGroup section */
		AB67E2B3219E1EB400E36F2F = {
			isa = PBXGroup;
			children = (
				AB67E2BE219E1EB400E36F2F /* ElementQuiz */,
				AB67E2D3219E1EB400E36F2F /* ElementQuizTests */,
				AB67E2DE219E1EB500E36F2F /* ElementQuizUITests */,
				AB67E2BD219E1EB400E36F2F /* Products */,
			);
			sourceTree = "<group>";
		};
		AB67E2BD219E1EB400E36F2F /* Products */ = {
			isa = PBXGroup;
			children = (
				AB67E2BC219E1EB400E36F2F /* ElementQuiz.app */,
				AB67E2D0219E1EB400E36F2F /* ElementQuizTests.xctest */,
				AB67E2DB219E1EB500E36F2F /* ElementQuizUITests.xctest */,
			);
			name = Products;
			sourceTree = "<group>";
		};
		AB67E2BE219E1EB400E36F2F /* ElementQuiz */ = {
			isa = PBXGroup;
			children = (
				AB67E2BF219E1EB400E36F2F /* AppDelegate.swift */,
				AB67E2C1219E1EB400E36F2F /* ViewController.swift */,
				AB67E2C3219E1EB400E36F2F /* Main.storyboard */,
				AB67E2C6219E1EB400E36F2F /* Assets.xcassets */,
				AB67E2C8219E1EB400E36F2F /* LaunchScreen.storyboard */,
				AB67E2CB219E1EB400E36F2F /* Info.plist */,
			);
			path = ElementQuiz;
			sourceTree = "<group>";
		};
		AB67E2D3219E1EB400E36F2F /* ElementQuizTests */ = {
			isa = PBXGroup;
			children = (
				AB67E2D4219E1EB400E36F2F /* ElementQuizTests.swift */,
				AB67E2D6219E1EB400E36F2F /* Info.plist */,
			);
			path = ElementQuizTests;
			sourceTree = "<group>";
		};
		AB67E2DE219E1EB500E36F2F /* ElementQuizUITests */ = {
			isa = PBXGroup;
			children = (
				AB67E2DF219E1EB500E36F2F /* ElementQuizUITests.swift */,
				AB67E2E1219E1EB500E36F2F /* Info.plist */,
			);
			path = ElementQuizUITests;
			sourceTree = "<group>";
		};
/* End PBXGroup section */

/* Begin PBXNativeTarget section */
		AB67E2BB219E1EB400E36F2F /* ElementQuiz */ = {
			isa = PBXNativeTarget;
			buildConfigurationList = AB67E2E4219E1EB500E36F2F /* Build configuration list for PBXNativeTarget "ElementQuiz" */;
			buildPhases = (
				AB67E2B8219E1EB400E36F2F /* Sources */,
				AB67E2B9219E1EB400E36F2F /* Frameworks */,
				AB67E2BA219E1EB400E36F2F /* Resources */,
			);
			buildRules = (
			);
			dependencies = (
			);
			name = ElementQuiz;
			productName = ElementQuiz;
			productReference = AB67E2BC219E1EB400E36F2F /* ElementQuiz.app */;
			productType = "com.apple.product-type.application";
		};
		AB67E2CF219E1EB400E36F2F /* ElementQuizTests */ = {
			isa = PBXNativeTarget;
			buildConfigurationList = AB67E2E7219E1EB500E36F2F /* Build configuration list for PBXNativeTarget "ElementQuizTests" */;
			buildPhases = (
				AB67E2CC219E1EB400E36F2F /* Sources */,
				AB67E2CD219E1EB400E36F2F /* Frameworks */,
				AB67E2CE219E1EB400E36F2F /* Resources */,
			);
			buildRules = (
			);
			dependencies = (
				AB67E2D2219E1EB400E36F2F /* PBXTargetDependency */,
			);
			name = ElementQuizTests;
			productName = ElementQuizTests;
			productReference = AB67E2D0219E1EB400E36F2F /* ElementQuizTests.xctest */;
			productType = "com.apple.product-type.bundle.unit-test";
		};
		AB67E2DA219E1EB500E36F2F /* ElementQuizUITests */ = {
			isa = PBXNativeTarget;
			buildConfigurationList = AB67E2EA219E1EB500E36F2F /* Build configuration list for PBXNativeTarget "ElementQuizUITests" */;
			buildPhases = (
				AB67E2D7219E1EB500E36F2F /* Sources */,
				AB67E2D8219E1EB500E36F2F /* Frameworks */,
				AB67E2D9219E1EB500E36F2F /* Resources */,
			);
			buildRules = (
			);
			dependencies = (
				AB67E2DD219E1EB500E36F2F /* PBXTargetDependency */,
			);
			name = ElementQuizUITests;
			productName = ElementQuizUITests;
			productReference = AB67E2DB219E1EB500E36F2F /* ElementQuizUITests.xctest */;
			productType = "com.apple.product-type.bundle.ui-testing";
		};
/* End PBXNativeTarget section */

/* Begin PBXProject section */
		AB67E2B4219E1EB400E36F2F /* Project object */ = {
			isa = PBXProject;
			attributes = {
				LastSwiftUpdateCheck = 0940;
				LastUpgradeCheck = 0940;
				ORGANIZATIONNAME = "Brandon Gonzalez";
				TargetAttributes = {
					AB67E2BB219E1EB400E36F2F = {
						CreatedOnToolsVersion = 9.4.1;
					};
					AB67E2CF219E1EB400E36F2F = {
						CreatedOnToolsVersion = 9.4.1;
						TestTargetID = AB67E2BB219E1EB400E36F2F;
					};
					AB67E2DA219E1EB500E36F2F = {
						CreatedOnToolsVersion = 9.4.1;
						TestTargetID = AB67E2BB219E1EB400E36F2F;
					};
				};
			};
			buildConfigurationList = AB67E2B7219E1EB400E36F2F /* Build configuration list for PBXProject "ElementQuiz" */;
			compatibilityVersion = "Xcode 9.3";
			developmentRegion = en;
			hasScannedForEncodings = 0;
			knownRegions = (
				en,
				Base,
			);
			mainGroup = AB67E2B3219E1EB400E36F2F;
			productRefGroup = AB67E2BD219E1EB400E36F2F /* Products */;
			projectDirPath = "";
			projectRoot = "";
			targets = (
				AB67E2BB219E1EB400E36F2F /* ElementQuiz */,
				AB67E2CF219E1EB400E36F2F /* ElementQuizTests */,
				AB67E2DA219E1EB500E36F2F /* ElementQuizUITests */,
			);
		};
/* End PBXProject section */

/* Begin PBXResourcesBuildPhase section */
		AB67E2BA219E1EB400E36F2F /* Resources */ = {
			isa = PBXResourcesBuildPhase;
			buildActionMask = 2147483647;
			files = (
				AB67E2CA219E1EB400E36F2F /* LaunchScreen.storyboard in Resources */,
				AB67E2C7219E1EB400E36F2F /* Assets.xcassets in Resources */,
				AB67E2C5219E1EB400E36F2F /* Main.storyboard in Resources */,
			);
			runOnlyForDeploymentPostprocessing = 0;
		};
		AB67E2CE219E1EB400E36F2F /* Resources */ = {
			isa = PBXResourcesBuildPhase;
			buildActionMask = 2147483647;
			files = (
			);
			runOnlyForDeploymentPostprocessing = 0;
		};
		AB67E2D9219E1EB500E36F2F /* Resources */ = {
			isa = PBXResourcesBuildPhase;
			buildActionMask = 2147483647;
			files = (
			);
			runOnlyForDeploymentPostprocessing = 0;
		};
/* End PBXResourcesBuildPhase section */

/* Begin PBXSourcesBuildPhase section */
		AB67E2B8219E1EB400E36F2F /* Sources */ = {
			isa = PBXSourcesBuildPhase;
			buildActionMask = 2147483647;
			files = (
				AB67E2C2219E1EB400E36F2F /* ViewController.swift in Sources */,
				AB67E2C0219E1EB400E36F2F /* AppDelegate.swift in Sources */,
			);
			runOnlyForDeploymentPostprocessing = 0;
		};
		AB67E2CC219E1EB400E36F2F /* Sources */ = {
			isa = PBXSourcesBuildPhase;
			buildActionMask = 2147483647;
			files = (
				AB67E2D5219E1EB400E36F2F /* ElementQuizTests.swift in Sources */,
			);
			runOnlyForDeploymentPostprocessing = 0;
		};
		AB67E2D7219E1EB500E36F2F /* Sources */ = {
			isa = PBXSourcesBuildPhase;
			buildActionMask = 2147483647;
			files = (
				AB67E2E0219E1EB500E36F2F /* ElementQuizUITests.swift in Sources */,
			);
			runOnlyForDeploymentPostprocessing = 0;
		};
/* End PBXSourcesBuildPhase section */

/* Begin PBXTargetDependency section */
		AB67E2D2219E1EB400E36F2F /* PBXTargetDependency */ = {
			isa = PBXTargetDependency;
			target = AB67E2BB219E1EB400E36F2F /* ElementQuiz */;
			targetProxy = AB67E2D1219E1EB400E36F2F /* PBXContainerItemProxy */;
		};
		AB67E2DD219E1EB500E36F2F /* PBXTargetDependency */ = {
			isa = PBXTargetDependency;
			target = AB67E2BB219E1EB400E36F2F /* ElementQuiz */;
			targetProxy = AB67E2DC219E1EB500E36F2F /* PBXContainerItemProxy */;
		};
/* End PBXTargetDependency section */

/* Begin PBXVariantGroup section */
		AB67E2C3219E1EB400E36F2F /* Main.storyboard */ = {
			isa = PBXVariantGroup;
			children = (
				AB67E2C4219E1EB400E36F2F /* Base */,
			);
			name = Main.storyboard;
			sourceTree = "<group>";
		};
		AB67E2C8219E1EB400E36F2F /* LaunchScreen.storyboard */ = {
			isa = PBXVariantGroup;
			children = (
				AB67E2C9219E1EB400E36F2F /* Base */,
			);
			name = LaunchScreen.storyboard;
			sourceTree = "<group>";
		};
/* End PBXVariantGroup section */

/* Begin XCBuildConfiguration section */
		AB67E2E2219E1EB500E36F2F /* Debug */ = {
			isa = XCBuildConfiguration;
			buildSettings = {
				ALWAYS_SEARCH_USER_PATHS = NO;
				CLANG_ANALYZER_NONNULL = YES;
				CLANG_ANALYZER_NUMBER_OBJECT_CONVERSION = YES_AGGRESSIVE;
				CLANG_CXX_LANGUAGE_STANDARD = "gnu++14";
				CLANG_CXX_LIBRARY = "libc++";
				CLANG_ENABLE_MODULES = YES;
				CLANG_ENABLE_OBJC_ARC = YES;
				CLANG_ENABLE_OBJC_WEAK = YES;
				CLANG_WARN_BLOCK_CAPTURE_AUTORELEASING = YES;
				CLANG_WARN_BOOL_CONVERSION = YES;
				CLANG_WARN_COMMA = YES;
				CLANG_WARN_CONSTANT_CONVERSION = YES;
				CLANG_WARN_DEPRECATED_OBJC_IMPLEMENTATIONS = YES;
				CLANG_WARN_DIRECT_OBJC_ISA_USAGE = YES_ERROR;
				CLANG_WARN_DOCUMENTATION_COMMENTS = YES;
				CLANG_WARN_EMPTY_BODY = YES;
				CLANG_WARN_ENUM_CONVERSION = YES;
				CLANG_WARN_INFINITE_RECURSION = YES;
				CLANG_WARN_INT_CONVERSION = YES;
				CLANG_WARN_NON_LITERAL_NULL_CONVERSION = YES;
				CLANG_WARN_OBJC_IMPLICIT_RETAIN_SELF = YES;
				CLANG_WARN_OBJC_LITERAL_CONVERSION = YES;
				CLANG_WARN_OBJC_ROOT_CLASS = YES_ERROR;
				CLANG_WARN_RANGE_LOOP_ANALYSIS = YES;
				CLANG_WARN_STRICT_PROTOTYPES = YES;
				CLANG_WARN_SUSPICIOUS_MOVE = YES;
				CLANG_WARN_UNGUARDED_AVAILABILITY = YES_AGGRESSIVE;
				CLANG_WARN_UNREACHABLE_CODE = YES;
				CLANG_WARN__DUPLICATE_METHOD_MATCH = YES;
				CODE_SIGN_IDENTITY = "iPhone Developer";
				COPY_PHASE_STRIP = NO;
				DEBUG_INFORMATION_FORMAT = dwarf;
				ENABLE_STRICT_OBJC_MSGSEND = YES;
				ENABLE_TESTABILITY = YES;
				GCC_C_LANGUAGE_STANDARD = gnu11;
				GCC_DYNAMIC_NO_PIC = NO;
				GCC_NO_COMMON_BLOCKS = YES;
				GCC_OPTIMIZATION_LEVEL = 0;
				GCC_PREPROCESSOR_DEFINITIONS = (
					"DEBUG=1",
					"$(inherited)",
				);
				GCC_WARN_64_TO_32_BIT_CONVERSION = YES;
				GCC_WARN_ABOUT_RETURN_TYPE = YES_ERROR;
				GCC_WARN_UNDECLARED_SELECTOR = YES;
				GCC_WARN_UNINITIALIZED_AUTOS = YES_AGGRESSIVE;
				GCC_WARN_UNUSED_FUNCTION = YES;
				GCC_WARN_UNUSED_VARIABLE = YES;
				IPHONEOS_DEPLOYMENT_TARGET = 11.4;
				MTL_ENABLE_DEBUG_INFO = YES;
				ONLY_ACTIVE_ARCH = YES;
				SDKROOT = iphoneos;
				SWIFT_ACTIVE_COMPILATION_CONDITIONS = DEBUG;
				SWIFT_OPTIMIZATION_LEVEL = "-Onone";
			};
			name = Debug;
		};
		AB67E2E3219E1EB500E36F2F /* Release */ = {
			isa = XCBuildConfiguration;
			buildSettings = {
				ALWAYS_SEARCH_USER_PATHS = NO;
				CLANG_ANALYZER_NONNULL = YES;
				CLANG_ANALYZER_NUMBER_OBJECT_CONVERSION = YES_AGGRESSIVE;
				CLANG_CXX_LANGUAGE_STANDARD = "gnu++14";
				CLANG_CXX_LIBRARY = "libc++";
				CLANG_ENABLE_MODULES = YES;
				CLANG_ENABLE_OBJC_ARC = YES;
				CLANG_ENABLE_OBJC_WEAK = YES;
				CLANG_WARN_BLOCK_CAPTURE_AUTORELEASING = YES;
				CLANG_WARN_BOOL_CONVERSION = YES;
				CLANG_WARN_COMMA = YES;
				CLANG_WARN_CONSTANT_CONVERSION = YES;
				CLANG_WARN_DEPRECATED_OBJC_IMPLEMENTATIONS = YES;
				CLANG_WARN_DIRECT_OBJC_ISA_USAGE = YES_ERROR;
				CLANG_WARN_DOCUMENTATION_COMMENTS = YES;
				CLANG_WARN_EMPTY_BODY = YES;
				CLANG_WARN_ENUM_CONVERSION = YES;
				CLANG_WARN_INFINITE_RECURSION = YES;
				CLANG_WARN_INT_CONVERSION = YES;
				CLANG_WARN_NON_LITERAL_NULL_CONVERSION = YES;
				CLANG_WARN_OBJC_IMPLICIT_RETAIN_SELF = YES;
				CLANG_WARN_OBJC_LITERAL_CONVERSION = YES;
				CLANG_WARN_OBJC_ROOT_CLASS = YES_ERROR;
				CLANG_WARN_RANGE_LOOP_ANALYSIS = YES;
				CLANG_WARN_STRICT_PROTOTYPES = YES;
				CLANG_WARN_SUSPICIOUS_MOVE = YES;
				CLANG_WARN_UNGUARDED_AVAILABILITY = YES_AGGRESSIVE;
				CLANG_WARN_UNREACHABLE_CODE = YES;
				CLANG_WARN__DUPLICATE_METHOD_MATCH = YES;
				CODE_SIGN_IDENTITY = "iPhone Developer";
				COPY_PHASE_STRIP = NO;
				DEBUG_INFORMATION_FORMAT = "dwarf-with-dsym";
				ENABLE_NS_ASSERTIONS = NO;
				ENABLE_STRICT_OBJC_MSGSEND = YES;
				GCC_C_LANGUAGE_STANDARD = gnu11;
				GCC_NO_COMMON_BLOCKS = YES;
				GCC_WARN_64_TO_32_BIT_CONVERSION = YES;
				GCC_WARN_ABOUT_RETURN_TYPE = YES_ERROR;
				GCC_WARN_UNDECLARED_SELECTOR = YES;
				GCC_WARN_UNINITIALIZED_AUTOS = YES_AGGRESSIVE;
				GCC_WARN_UNUSED_FUNCTION = YES;
				GCC_WARN_UNUSED_VARIABLE = YES;
				IPHONEOS_DEPLOYMENT_TARGET = 11.4;
				MTL_ENABLE_DEBUG_INFO = NO;
				SDKROOT = iphoneos;
				SWIFT_COMPILATION_MODE = wholemodule;
				SWIFT_OPTIMIZATION_LEVEL = "-O";
				VALIDATE_PRODUCT = YES;
			};
			name = Release;
		};
		AB67E2E5219E1EB500E36F2F /* Debug */ = {
			isa = XCBuildConfiguration;
			buildSettings = {
				ASSETCATALOG_COMPILER_APPICON_NAME = AppIcon;
				CODE_SIGN_STYLE = Automatic;
				INFOPLIST_FILE = ElementQuiz/Info.plist;
				LD_RUNPATH_SEARCH_PATHS = (
					"$(inherited)",
					"@executable_path/Frameworks",
				);
				PRODUCT_BUNDLE_IDENTIFIER = com.example.ElementQuiz;
				PRODUCT_NAME = "$(TARGET_NAME)";
				SWIFT_VERSION = 4.0;
				TARGETED_DEVICE_FAMILY = "1,2";
			};
			name = Debug;
		};
		AB67E2E6219E1EB500E36F2F /* Release */ = {
			isa = XCBuildConfiguration;
			buildSettings = {
				ASSETCATALOG_COMPILER_APPICON_NAME = AppIcon;
				CODE_SIGN_STYLE = Automatic;
				INFOPLIST_FILE = ElementQuiz/Info.plist;
				LD_RUNPATH_SEARCH_PATHS = (
					"$(inherited)",
					"@executable_path/Frameworks",
				);
				PRODUCT_BUNDLE_IDENTIFIER = com.example.ElementQuiz;
				PRODUCT_NAME = "$(TARGET_NAME)";
				SWIFT_VERSION = 4.0;
				TARGETED_DEVICE_FAMILY = "1,2";
			};
			name = Release;
		};
		AB67E2E8219E1EB500E36F2F /* Debug */ = {
			isa = XCBuildConfiguration;
			buildSettings = {
				ALWAYS_EMBED_SWIFT_STANDARD_LIBRARIES = YES;
				BUNDLE_LOADER = "$(TEST_HOST)";
				CODE_SIGN_STYLE = Automatic;
				INFOPLIST_FILE = ElementQuizTests/Info.plist;
				LD_RUNPATH_SEARCH_PATHS = (
					"$(inherited)",
					"@executable_path/Frameworks",
					"@loader_path/Frameworks",
				);
				PRODUCT_BUNDLE_IDENTIFIER = com.example.ElementQuizTests;
				PRODUCT_NAME = "$(TARGET_NAME)";
				SWIFT_VERSION = 4.0;
				TARGETED_DEVICE_FAMILY = "1,2";
				TEST_HOST = "$(BUILT_PRODUCTS_DIR)/ElementQuiz.app/ElementQuiz";
			};
			name = Debug;
		};
		AB67E2E9219E1EB500E36F2F /* Release */ = {
			isa = XCBuildConfiguration;
			buildSettings = {
				ALWAYS_EMBED_SWIFT_STANDARD_LIBRARIES = YES;
				BUNDLE_LOADER = "$(TEST_HOST)";
				CODE_SIGN_STYLE = Automatic;
				INFOPLIST_FILE = ElementQuizTests/Info.plist;
				LD_RUNPATH_SEARCH_PATHS = (
					"$(inherited)",
					"@executable_path/Frameworks",
					"@loader_path/Frameworks",
				);
				PRODUCT_BUNDLE_IDENTIFIER = com.example.ElementQuizTests;
				PRODUCT_NAME = "$(TARGET_NAME)";
				SWIFT_VERSION = 4.0;
				TARGETED_DEVICE_FAMILY = "1,2";
				TEST_HOST = "$(BUILT_PRODUCTS_DIR)/ElementQuiz.app/ElementQuiz";
			};
			name = Release;
		};
		AB67E2EB219E1EB500E36F2F /* Debug */ = {
			isa = XCBuildConfiguration;
			buildSettings = {
				ALWAYS_EMBED_SWIFT_STANDARD_LIBRARIES = YES;
				CODE_SIGN_STYLE = Automatic;
				INFOPLIST_FILE = ElementQuizUITests/Info.plist;
				LD_RUNPATH_SEARCH_PATHS = (
					"$(inherited)",
					"@executable_path/Frameworks",
					"@loader_path/Frameworks",
				);
				PRODUCT_BUNDLE_IDENTIFIER = com.example.ElementQuizUITests;
				PRODUCT_NAME = "$(TARGET_NAME)";
				SWIFT_VERSION = 4.0;
				TARGETED_DEVICE_FAMILY = "1,2";
				TEST_TARGET_NAME = ElementQuiz;
			};
			name = Debug;
		};
		AB67E2EC219E1EB500E36F2F /* Release */ = {
			isa = XCBuildConfiguration;
			buildSettings = {
				ALWAYS_EMBED_SWIFT_STANDARD_LIBRARIES = YES;
				CODE_SIGN_STYLE = Automatic;
				INFOPLIST_FILE = ElementQuizUITests/Info.plist;
				LD_RUNPATH_SEARCH_PATHS = (
					"$(inherited)",
					"@executable_path/Frameworks",
					"@loader_path/Frameworks",
				);
				PRODUCT_BUNDLE_IDENTIFIER = com.example.ElementQuizUITests;
				PRODUCT_NAME = "$(TARGET_NAME)";
				SWIFT_VERSION = 4.0;
				TARGETED_DEVICE_FAMILY = "1,2";
				TEST_TARGET_NAME = ElementQuiz;
			};
			name = Release;
		};
/* End XCBuildConfiguration section */

/* Begin XCConfigurationList section */
		AB67E2B7219E1EB400E36F2F /* Build configuration list for PBXProject "ElementQuiz" */ = {
			isa = XCConfigurationList;
			buildConfigurations = (
				AB67E2E2219E1EB500E36F2F /* Debug */,
				AB67E2E3219E1EB500E36F2F /* Release */,
			);
			defaultConfigurationIsVisible = 0;
			defaultConfigurationName = Release;
		};
		AB67E2E4219E1EB500E36F2F /* Build configuration list for PBXNativeTarget "ElementQuiz" */ = {
			isa = XCConfigurationList;
			buildConfigurations = (
				AB67E2E5219E1EB500E36F2F /* Debug */,
				AB67E2E6219E1EB500E36F2F /* Release */,
			);
			defaultConfigurationIsVisible = 0;
			defaultConfigurationName = Release;
		};
		AB67E2E7219E1EB500E36F2F /* Build configuration list for PBXNativeTarget "ElementQuizTests" */ = {
			isa = XCConfigurationList;
			buildConfigurations = (
				AB67E2E8219E1EB500E36F2F /* Debug */,
				AB67E2E9219E1EB500E36F2F /* Release */,
			);
			defaultConfigurationIsVisible = 0;
			defaultConfigurationName = Release;
		};
		AB67E2EA219E1EB500E36F2F /* Build configuration list for PBXNativeTarget "ElementQuizUITests" */ = {
			isa = XCConfigurationList;
			buildConfigurations = (
				AB67E2EB219E1EB500E36F2F /* Debug */,
				AB67E2EC219E1EB500E36F2F /* Release */,
			);
			defaultConfigurationIsVisible = 0;
			defaultConfigurationName = Release;
		};
/* End XCConfigurationList section */
	};
	rootObject = AB67E2B4219E1EB400E36F2F /* Project object */;
}
